
Microsoft Visual Studio Solution File, Format Version 12.00
# Visual Studio Version 16
VisualStudioVersion = 16.0.31515.178
MinimumVisualStudioVersion = 10.0.40219.1
Project("{FAE04EC0-301F-11D3-BF4B-00C04F79EFBC}") = "TrelloWriterCS", "TrelloWriterCS\TrelloWriterCS.csproj", "{912EFF67-93C6-4906-9BF7-4B0A2459AA15}"
EndProject
Global
	GlobalSection(SolutionConfigurationPlatforms) = preSolution
		Debug|Any CPU = Debug|Any CPU
		Release|Any CPU = Release|Any CPU
	EndGlobalSection
	GlobalSection(ProjectConfigurationPlatforms) = postSolution
		{912EFF67-93C6-4906-9BF7-4B0A2459AA15}.Debug|Any CPU.ActiveCfg = Debug|Any CPU
		{912EFF67-93C6-4906-9BF7-4B0A2459AA15}.Debug|Any CPU.Build.0 = Debug|Any CPU
		{912EFF67-93C6-4906-9BF7-4B0A2459AA15}.Release|Any CPU.ActiveCfg = Release|Any CPU
		{912EFF67-93C6-4906-9BF7-4B0A2459AA15}.Release|Any CPU.Build.0 = Release|Any CPU
	EndGlobalSection
	GlobalSection(SolutionProperties) = preSolution
		HideSolutionNode = FALSE
	EndGlobalSection
	GlobalSection(ExtensibilityGlobals) = postSolution
		SolutionGuid = {37A15E10-006A-460D-9EF6-F7439E015814}
	EndGlobalSection
EndGlobal
